<?xml version="1.0" encoding="UTF-8" standalone="yes" ?>
<CodeBlocks_project_file>
	<FileVersion major="1" minor="6" />
	<Project>
		<Option title="PF" />
		<Option makefile_is_custom="1" />
		<Option pch_mode="2" />
		<Option compiler="gcc" />
		<MakeCommands>
			<Build command="$make" />
			<CompileFile command="$make" />
			<Clean command="$make clean" />
			<DistClean command="$make distclean" />
		</MakeCommands>
		<Build>
			<Target title="Release">
				<Option output="bin/Release/PF" prefix_auto="1" extension_auto="1" />
				<Option object_output="obj/Release/" />
				<Option type="1" />
				<Option compiler="gcc" />
				<Compiler>
					<Add option="-O2" />
				</Compiler>
				<Linker>
					<Add option="-s" />
				</Linker>
				<MakeCommands>
					<Build command="$make" />
					<CompileFile command="$make" />
					<Clean command="$make clean" />
					<DistClean command="$make distclean" />
				</MakeCommands>
			</Target>
		</Build>
		<Compiler>
			<Add option="-Wall" />
			<Add directory="/home/lond/DsDev/devkitARM/include" />
			<Add directory="/home/lond/DsDev/libnds/include/nds" />
		</Compiler>
		<Unit filename="source/ScrollEngine.cpp" />
		<Unit filename="source/ScrollEngine.h" />
		<Unit filename="source/main.cpp">
			<Option compilerVar="CC" />
		</Unit>
		<Extensions>
			<code_completion>
				<search_path add="/home/lond/DsDev/devkitARM/include" />
				<search_path add="/home/lond/DsDev/libnds/include" />
				<search_path add="/home/lond/DsDev/libnds/include/nds" />
				<search_path add="/home/lond/DsDev/libnds/include/nds/arm9" />
			</code_completion>
			<debugger />
		</Extensions>
	</Project>
</CodeBlocks_project_file>
